
Microsoft Visual Studio Solution File, Format Version 9.00
# Visual C++ Express 2005
Project("{8BC9CEB8-8B4A-11D0-8D11-00A0C91BC942}") = "cldib", "..\cldib\cldib.vcproj", "{C52C38F1-5DE9-49C2-B8D6-FFEB8F71E27D}"
EndProject
Project("{8BC9CEB8-8B4A-11D0-8D11-00A0C91BC942}") = "grit", "grit.vcproj", "{7918F809-37EE-4715-8C64-59E18A9D2DF8}"
	ProjectSection(ProjectDependencies) = postProject
		{98B6D777-A941-428A-9FED-7C9C7C0E6C5F} = {98B6D777-A941-428A-9FED-7C9C7C0E6C5F}
		{C52C38F1-5DE9-49C2-B8D6-FFEB8F71E27D} = {C52C38F1-5DE9-49C2-B8D6-FFEB8F71E27D}
	EndProjectSection
EndProject
Project("{8BC9CEB8-8B4A-11D0-8D11-00A0C91BC942}") = "gritdemo", "..\gritdemo\gritdemo.vcproj", "{0330C10E-662C-4C5F-ACB8-39AA6BC07C3C}"
EndProject
Project("{8BC9CEB8-8B4A-11D0-8D11-00A0C91BC942}") = "libgrit", "..\libgrit\libgrit.vcproj", "{98B6D777-A941-428A-9FED-7C9C7C0E6C5F}"
EndProject
Project("{8BC9CEB8-8B4A-11D0-8D11-00A0C91BC942}") = "tonclib", "..\tonclib\tonclib.vcproj", "{1F11FFF7-7BCD-42D3-A581-9C4C0A4885C7}"
EndProject
Project("{8BC9CEB8-8B4A-11D0-8D11-00A0C91BC942}") = "wingrit", "wingrit.vcproj", "{54D4252B-DF7A-4B42-8DC5-9B932BF6B9C8}"
	ProjectSection(ProjectDependencies) = postProject
		{98B6D777-A941-428A-9FED-7C9C7C0E6C5F} = {98B6D777-A941-428A-9FED-7C9C7C0E6C5F}
		{C52C38F1-5DE9-49C2-B8D6-FFEB8F71E27D} = {C52C38F1-5DE9-49C2-B8D6-FFEB8F71E27D}
	EndProjectSection
EndProject
Global
	GlobalSection(SolutionConfigurationPlatforms) = preSolution
		Build|Win32 = Build|Win32
		Clean|Win32 = Clean|Win32
		Debug|Win32 = Debug|Win32
		Release|Win32 = Release|Win32
	EndGlobalSection
	GlobalSection(ProjectConfigurationPlatforms) = postSolution
		{C52C38F1-5DE9-49C2-B8D6-FFEB8F71E27D}.Build|Win32.ActiveCfg = Debug|Win32
		{C52C38F1-5DE9-49C2-B8D6-FFEB8F71E27D}.Build|Win32.Build.0 = Debug|Win32
		{C52C38F1-5DE9-49C2-B8D6-FFEB8F71E27D}.Clean|Win32.ActiveCfg = Debug|Win32
		{C52C38F1-5DE9-49C2-B8D6-FFEB8F71E27D}.Clean|Win32.Build.0 = Debug|Win32
		{C52C38F1-5DE9-49C2-B8D6-FFEB8F71E27D}.Debug|Win32.ActiveCfg = Debug|Win32
		{C52C38F1-5DE9-49C2-B8D6-FFEB8F71E27D}.Debug|Win32.Build.0 = Debug|Win32
		{C52C38F1-5DE9-49C2-B8D6-FFEB8F71E27D}.Release|Win32.ActiveCfg = Release|Win32
		{C52C38F1-5DE9-49C2-B8D6-FFEB8F71E27D}.Release|Win32.Build.0 = Release|Win32
		{7918F809-37EE-4715-8C64-59E18A9D2DF8}.Build|Win32.ActiveCfg = Debug|Win32
		{7918F809-37EE-4715-8C64-59E18A9D2DF8}.Build|Win32.Build.0 = Debug|Win32
		{7918F809-37EE-4715-8C64-59E18A9D2DF8}.Clean|Win32.ActiveCfg = Debug|Win32
		{7918F809-37EE-4715-8C64-59E18A9D2DF8}.Clean|Win32.Build.0 = Debug|Win32
		{7918F809-37EE-4715-8C64-59E18A9D2DF8}.Debug|Win32.ActiveCfg = Debug|Win32
		{7918F809-37EE-4715-8C64-59E18A9D2DF8}.Debug|Win32.Build.0 = Debug|Win32
		{7918F809-37EE-4715-8C64-59E18A9D2DF8}.Release|Win32.ActiveCfg = Release|Win32
		{7918F809-37EE-4715-8C64-59E18A9D2DF8}.Release|Win32.Build.0 = Release|Win32
		{0330C10E-662C-4C5F-ACB8-39AA6BC07C3C}.Build|Win32.ActiveCfg = Build|Win32
		{0330C10E-662C-4C5F-ACB8-39AA6BC07C3C}.Build|Win32.Build.0 = Build|Win32
		{0330C10E-662C-4C5F-ACB8-39AA6BC07C3C}.Clean|Win32.ActiveCfg = Clean|Win32
		{0330C10E-662C-4C5F-ACB8-39AA6BC07C3C}.Clean|Win32.Build.0 = Clean|Win32
		{0330C10E-662C-4C5F-ACB8-39AA6BC07C3C}.Debug|Win32.ActiveCfg = Build|Win32
		{0330C10E-662C-4C5F-ACB8-39AA6BC07C3C}.Debug|Win32.Build.0 = Build|Win32
		{0330C10E-662C-4C5F-ACB8-39AA6BC07C3C}.Release|Win32.ActiveCfg = Build|Win32
		{0330C10E-662C-4C5F-ACB8-39AA6BC07C3C}.Release|Win32.Build.0 = Build|Win32
		{98B6D777-A941-428A-9FED-7C9C7C0E6C5F}.Build|Win32.ActiveCfg = Release|Win32
		{98B6D777-A941-428A-9FED-7C9C7C0E6C5F}.Build|Win32.Build.0 = Release|Win32
		{98B6D777-A941-428A-9FED-7C9C7C0E6C5F}.Clean|Win32.ActiveCfg = Release|Win32
		{98B6D777-A941-428A-9FED-7C9C7C0E6C5F}.Clean|Win32.Build.0 = Release|Win32
		{98B6D777-A941-428A-9FED-7C9C7C0E6C5F}.Debug|Win32.ActiveCfg = Debug|Win32
		{98B6D777-A941-428A-9FED-7C9C7C0E6C5F}.Debug|Win32.Build.0 = Debug|Win32
		{98B6D777-A941-428A-9FED-7C9C7C0E6C5F}.Release|Win32.ActiveCfg = Release|Win32
		{98B6D777-A941-428A-9FED-7C9C7C0E6C5F}.Release|Win32.Build.0 = Release|Win32
		{1F11FFF7-7BCD-42D3-A581-9C4C0A4885C7}.Build|Win32.ActiveCfg = Build|Win32
		{1F11FFF7-7BCD-42D3-A581-9C4C0A4885C7}.Build|Win32.Build.0 = Build|Win32
		{1F11FFF7-7BCD-42D3-A581-9C4C0A4885C7}.Clean|Win32.ActiveCfg = Clean|Win32
		{1F11FFF7-7BCD-42D3-A581-9C4C0A4885C7}.Clean|Win32.Build.0 = Clean|Win32
		{1F11FFF7-7BCD-42D3-A581-9C4C0A4885C7}.Debug|Win32.ActiveCfg = Build|Win32
		{1F11FFF7-7BCD-42D3-A581-9C4C0A4885C7}.Debug|Win32.Build.0 = Build|Win32
		{1F11FFF7-7BCD-42D3-A581-9C4C0A4885C7}.Release|Win32.ActiveCfg = Build|Win32
		{1F11FFF7-7BCD-42D3-A581-9C4C0A4885C7}.Release|Win32.Build.0 = Build|Win32
		{54D4252B-DF7A-4B42-8DC5-9B932BF6B9C8}.Build|Win32.ActiveCfg = Debug|Win32
		{54D4252B-DF7A-4B42-8DC5-9B932BF6B9C8}.Build|Win32.Build.0 = Debug|Win32
		{54D4252B-DF7A-4B42-8DC5-9B932BF6B9C8}.Clean|Win32.ActiveCfg = Debug|Win32
		{54D4252B-DF7A-4B42-8DC5-9B932BF6B9C8}.Clean|Win32.Build.0 = Debug|Win32
		{54D4252B-DF7A-4B42-8DC5-9B932BF6B9C8}.Debug|Win32.ActiveCfg = Debug|Win32
		{54D4252B-DF7A-4B42-8DC5-9B932BF6B9C8}.Debug|Win32.Build.0 = Debug|Win32
		{54D4252B-DF7A-4B42-8DC5-9B932BF6B9C8}.Release|Win32.ActiveCfg = Release|Win32
		{54D4252B-DF7A-4B42-8DC5-9B932BF6B9C8}.Release|Win32.Build.0 = Release|Win32
	EndGlobalSection
	GlobalSection(SolutionProperties) = preSolution
		HideSolutionNode = FALSE
	EndGlobalSection
EndGlobal
